<?xml version="1.0" encoding="utf-8"?>
<Project ToolsVersion="4.0" xmlns="http://schemas.microsoft.com/developer/msbuild/2003">
  <ItemGroup>
    <Filter Include="Source Files">
      <UniqueIdentifier>{4FC737F1-C7A5-4376-A066-2A32D752A2FF}</UniqueIdentifier>
      <Extensions>cpp;c;cc;cxx;def;odl;idl;hpj;bat;asm;asmx</Extensions>
    </Filter>
    <Filter Include="Header Files">
      <UniqueIdentifier>{93995380-89BD-4b04-88EB-625FBE52EBFB}</UniqueIdentifier>
      <Extensions>h;hpp;hxx;hm;inl;inc;xsd</Extensions>
    </Filter>
    <Filter Include="Resource Files">
      <UniqueIdentifier>{67DA6AB6-F800-4c08-8B7A-83BB121AAD01}</UniqueIdentifier>
      <Extensions>rc;ico;cur;bmp;dlg;rc2;rct;bin;rgs;gif;jpg;jpeg;jpe;resx;tiff;tif;png;wav</Extensions>
    </Filter>
    <Filter Include="Shaders">
      <UniqueIdentifier>{086c1ce7-361a-4abb-92ab-df52f4ea3a53}</UniqueIdentifier>
    </Filter>
  </ItemGroup>
  <ItemGroup>
    <ClCompile Include="textfile.cpp">
      <Filter>Source Files</Filter>
    </ClCompile>
    <ClCompile Include="InitShader.cpp">
      <Filter>Source Files</Filter>
    </ClCompile>
    <ClCompile Include="example1.cpp">
      <Filter>Source Files</Filter>
    </ClCompile>
    <ClCompile Include="bmpread.c">
      <Filter>Source Files</Filter>
    </ClCompile>
    <ClCompile Include="CTMStack.cpp">
      <Filter>Source Files</Filter>
    </ClCompile>
    <ClCompile Include="main.cpp">
      <Filter>Source Files</Filter>
    </ClCompile>
    <ClCompile Include="Mesh.cpp">
      <Filter>Source Files</Filter>
    </ClCompile>
    <ClCompile Include="Spotlight.cpp">
      <Filter>Source Files</Filter>
    </ClCompile>
    <ClCompile Include="Source.cpp">
      <Filter>Source Files</Filter>
    </ClCompile>
  </ItemGroup>
  <ItemGroup>
    <ClInclude Include="textfile.h">
      <Filter>Header Files</Filter>
    </ClInclude>
    <ClInclude Include="mat.h">
      <Filter>Header Files</Filter>
    </ClInclude>
    <ClInclude Include="vec.h">
      <Filter>Header Files</Filter>
    </ClInclude>
    <ClInclude Include="Angel.h">
      <Filter>Header Files</Filter>
    </ClInclude>
    <ClInclude Include="CheckError.h">
      <Filter>Header Files</Filter>
    </ClInclude>
    <ClInclude Include="bmpread.h">
      <Filter>Header Files</Filter>
    </ClInclude>
    <ClInclude Include="CTMStack.h">
      <Filter>Header Files</Filter>
    </ClInclude>
    <ClInclude Include="Mesh.h">
      <Filter>Header Files</Filter>
    </ClInclude>
    <ClInclude Include="Spotlight.h">
      <Filter>Header Files</Filter>
    </ClInclude>
  </ItemGroup>
  <ItemGroup>
    <None Include="fshader1.glsl">
      <Filter>Shaders</Filter>
    </None>
    <None Include="vshader1.glsl">
      <Filter>Shaders</Filter>
    </None>
    <None Include="Resources\cow.ply">
      <Filter>Resource Files</Filter>
    </None>
    <None Include="Resources\happy.ply">
      <Filter>Resource Files</Filter>
    </None>
    <None Include="vshader4bmp.glsl">
      <Filter>Shaders</Filter>
    </None>
    <None Include="fshader4bmp.glsl">
      <Filter>Shaders</Filter>
    </None>
    <None Include="fshader92.glsl">
      <Filter>Shaders</Filter>
    </None>
    <None Include="vshader92.glsl">
      <Filter>Shaders</Filter>
    </None>
  </ItemGroup>
  <ItemGroup>
    <Image Include="Resources\grass.bmp">
      <Filter>Resource Files</Filter>
    </Image>
    <Image Include="Resources\stones.bmp">
      <Filter>Resource Files</Filter>
    </Image>
    <Image Include="Resources\nvnegx.bmp">
      <Filter>Resource Files</Filter>
    </Image>
    <Image Include="Resources\nvnegy.bmp">
      <Filter>Resource Files</Filter>
    </Image>
    <Image Include="Resources\nvnegz.bmp">
      <Filter>Resource Files</Filter>
    </Image>
    <Image Include="Resources\nvposx.bmp">
      <Filter>Resource Files</Filter>
    </Image>
    <Image Include="Resources\nvposy.bmp">
      <Filter>Resource Files</Filter>
    </Image>
    <Image Include="Resources\nvposz.bmp">
      <Filter>Resource Files</Filter>
    </Image>
  </ItemGroup>
</Project>